
Microsoft Visual Studio Solution File, Format Version 12.00
# Visual Studio Version 16
VisualStudioVersion = 16.0.29306.81
MinimumVisualStudioVersion = 10.0.40219.1
Project("{9A19103F-16F7-4668-BE54-9A1E7A4F7556}") = "NetCoreUtils", "NetCoreUtils\NetCoreUtils.csproj", "{E3E9C8FC-723C-4944-AC5F-92C5CFAC8E9F}"
EndProject
Project("{2150E333-8FDC-42A3-9474-1A3956D46DE8}") = "Unit Tests", "Unit Tests", "{6A2D2033-6874-4547-A09F-A357DE547B3F}"
EndProject
Project("{9A19103F-16F7-4668-BE54-9A1E7A4F7556}") = "NetCoreUtils.XunitTest", "NetCoreUtils.XunitTest\NetCoreUtils.XunitTest.csproj", "{82F47201-8068-4755-82D4-B29398C99484}"
EndProject
Project("{9A19103F-16F7-4668-BE54-9A1E7A4F7556}") = "NetCoreUtils.MsTest", "NetCoreUtils.MsTest\NetCoreUtils.MsTest.csproj", "{9873F1D4-BC26-415E-885A-1DB3B7972605}"
EndProject
Project("{2150E333-8FDC-42A3-9474-1A3956D46DE8}") = "Solution Items", "Solution Items", "{07CA0D10-DB32-4A64-BB19-7EB4D43C679D}"
	ProjectSection(SolutionItems) = preProject
		pack-all.bat = pack-all.bat
		README.md = README.md
	EndProjectSection
EndProject
Project("{9A19103F-16F7-4668-BE54-9A1E7A4F7556}") = "NetCoreUtils.Logging", "NetCoreUtils.Logging\NetCoreUtils.Logging.csproj", "{8510B2F5-2328-4988-8BF4-9307747825BC}"
EndProject
Project("{2150E333-8FDC-42A3-9474-1A3956D46DE8}") = "Applications", "Applications", "{92A8A9CA-1146-4855-B25B-1503B8241328}"
EndProject
Project("{2150E333-8FDC-42A3-9474-1A3956D46DE8}") = "NetCoreUtils.Database", "NetCoreUtils.Database", "{C460FCB3-6E39-4208-ACBF-45D7F62F7491}"
EndProject
Project("{9A19103F-16F7-4668-BE54-9A1E7A4F7556}") = "NetCoreUtils.Database", "NetCoreUtils.Database\NetCoreUtils.Database\NetCoreUtils.Database.csproj", "{96B15BEC-E92D-45C7-BC75-B9253D6AA81B}"
EndProject
Project("{9A19103F-16F7-4668-BE54-9A1E7A4F7556}") = "NetCoreUtils.Database.InfluxDb", "NetCoreUtils.Database\NetCoreUtils.Database.InfluxDb\NetCoreUtils.Database.InfluxDb.csproj", "{A4020728-8168-4C06-9AC8-FD0823B53B7C}"
EndProject
Project("{9A19103F-16F7-4668-BE54-9A1E7A4F7556}") = "NetCoreUtils.Database.MongoDb", "NetCoreUtils.Database\NetCoreUtils.Database.MongoDb\NetCoreUtils.Database.MongoDb.csproj", "{928F0129-8E02-4648-979B-2246678F9497}"
EndProject
Project("{9A19103F-16F7-4668-BE54-9A1E7A4F7556}") = "TestApp.Cli", "Applications\TestApp.Cli\TestApp.Cli.csproj", "{172DA2C9-FEF7-4A08-90F6-3A0735256D09}"
EndProject
Project("{9A19103F-16F7-4668-BE54-9A1E7A4F7556}") = "TestApp.Cli.Database", "Applications\TestApp.Cli.Database\TestApp.Cli.Database.csproj", "{C20B3136-879B-4884-B5E1-FAACDA293B20}"
EndProject
Project("{9A19103F-16F7-4668-BE54-9A1E7A4F7556}") = "RobocopyConfigManager", "Applications\RobocopyConfigManager\RobocopyConfigManager.csproj", "{22AD8A7D-8942-4477-B389-66B46522977B}"
EndProject
Project("{9A19103F-16F7-4668-BE54-9A1E7A4F7556}") = "TextNotesSearch", "Applications\TextNotesSearch\TextNotesSearch.csproj", "{76682E0D-9541-4962-A667-499BA860D6C2}"
EndProject
Project("{FAE04EC0-301F-11D3-BF4B-00C04F79EFBC}") = "NetCoreUtils.Database.XunitTest", "NetCoreUtils.Database.XunitTest\NetCoreUtils.Database.XunitTest.csproj", "{A6D42924-CB3D-46AB-93E1-6900C19A16FF}"
EndProject
Global
	GlobalSection(SolutionConfigurationPlatforms) = preSolution
		Debug|Any CPU = Debug|Any CPU
		Release|Any CPU = Release|Any CPU
	EndGlobalSection
	GlobalSection(ProjectConfigurationPlatforms) = postSolution
		{E3E9C8FC-723C-4944-AC5F-92C5CFAC8E9F}.Debug|Any CPU.ActiveCfg = Debug|Any CPU
		{E3E9C8FC-723C-4944-AC5F-92C5CFAC8E9F}.Debug|Any CPU.Build.0 = Debug|Any CPU
		{E3E9C8FC-723C-4944-AC5F-92C5CFAC8E9F}.Release|Any CPU.ActiveCfg = Release|Any CPU
		{E3E9C8FC-723C-4944-AC5F-92C5CFAC8E9F}.Release|Any CPU.Build.0 = Release|Any CPU
		{82F47201-8068-4755-82D4-B29398C99484}.Debug|Any CPU.ActiveCfg = Debug|Any CPU
		{82F47201-8068-4755-82D4-B29398C99484}.Debug|Any CPU.Build.0 = Debug|Any CPU
		{82F47201-8068-4755-82D4-B29398C99484}.Release|Any CPU.ActiveCfg = Release|Any CPU
		{82F47201-8068-4755-82D4-B29398C99484}.Release|Any CPU.Build.0 = Release|Any CPU
		{9873F1D4-BC26-415E-885A-1DB3B7972605}.Debug|Any CPU.ActiveCfg = Debug|Any CPU
		{9873F1D4-BC26-415E-885A-1DB3B7972605}.Debug|Any CPU.Build.0 = Debug|Any CPU
		{9873F1D4-BC26-415E-885A-1DB3B7972605}.Release|Any CPU.ActiveCfg = Release|Any CPU
		{9873F1D4-BC26-415E-885A-1DB3B7972605}.Release|Any CPU.Build.0 = Release|Any CPU
		{8510B2F5-2328-4988-8BF4-9307747825BC}.Debug|Any CPU.ActiveCfg = Debug|Any CPU
		{8510B2F5-2328-4988-8BF4-9307747825BC}.Debug|Any CPU.Build.0 = Debug|Any CPU
		{8510B2F5-2328-4988-8BF4-9307747825BC}.Release|Any CPU.ActiveCfg = Release|Any CPU
		{8510B2F5-2328-4988-8BF4-9307747825BC}.Release|Any CPU.Build.0 = Release|Any CPU
		{96B15BEC-E92D-45C7-BC75-B9253D6AA81B}.Debug|Any CPU.ActiveCfg = Debug|Any CPU
		{96B15BEC-E92D-45C7-BC75-B9253D6AA81B}.Debug|Any CPU.Build.0 = Debug|Any CPU
		{96B15BEC-E92D-45C7-BC75-B9253D6AA81B}.Release|Any CPU.ActiveCfg = Release|Any CPU
		{96B15BEC-E92D-45C7-BC75-B9253D6AA81B}.Release|Any CPU.Build.0 = Release|Any CPU
		{A4020728-8168-4C06-9AC8-FD0823B53B7C}.Debug|Any CPU.ActiveCfg = Debug|Any CPU
		{A4020728-8168-4C06-9AC8-FD0823B53B7C}.Debug|Any CPU.Build.0 = Debug|Any CPU
		{A4020728-8168-4C06-9AC8-FD0823B53B7C}.Release|Any CPU.ActiveCfg = Release|Any CPU
		{A4020728-8168-4C06-9AC8-FD0823B53B7C}.Release|Any CPU.Build.0 = Release|Any CPU
		{928F0129-8E02-4648-979B-2246678F9497}.Debug|Any CPU.ActiveCfg = Debug|Any CPU
		{928F0129-8E02-4648-979B-2246678F9497}.Debug|Any CPU.Build.0 = Debug|Any CPU
		{928F0129-8E02-4648-979B-2246678F9497}.Release|Any CPU.ActiveCfg = Release|Any CPU
		{928F0129-8E02-4648-979B-2246678F9497}.Release|Any CPU.Build.0 = Release|Any CPU
		{172DA2C9-FEF7-4A08-90F6-3A0735256D09}.Debug|Any CPU.ActiveCfg = Debug|Any CPU
		{172DA2C9-FEF7-4A08-90F6-3A0735256D09}.Debug|Any CPU.Build.0 = Debug|Any CPU
		{172DA2C9-FEF7-4A08-90F6-3A0735256D09}.Release|Any CPU.ActiveCfg = Release|Any CPU
		{172DA2C9-FEF7-4A08-90F6-3A0735256D09}.Release|Any CPU.Build.0 = Release|Any CPU
		{C20B3136-879B-4884-B5E1-FAACDA293B20}.Debug|Any CPU.ActiveCfg = Debug|Any CPU
		{C20B3136-879B-4884-B5E1-FAACDA293B20}.Debug|Any CPU.Build.0 = Debug|Any CPU
		{C20B3136-879B-4884-B5E1-FAACDA293B20}.Release|Any CPU.ActiveCfg = Release|Any CPU
		{C20B3136-879B-4884-B5E1-FAACDA293B20}.Release|Any CPU.Build.0 = Release|Any CPU
		{22AD8A7D-8942-4477-B389-66B46522977B}.Debug|Any CPU.ActiveCfg = Debug|Any CPU
		{22AD8A7D-8942-4477-B389-66B46522977B}.Debug|Any CPU.Build.0 = Debug|Any CPU
		{22AD8A7D-8942-4477-B389-66B46522977B}.Release|Any CPU.ActiveCfg = Release|Any CPU
		{22AD8A7D-8942-4477-B389-66B46522977B}.Release|Any CPU.Build.0 = Release|Any CPU
		{76682E0D-9541-4962-A667-499BA860D6C2}.Debug|Any CPU.ActiveCfg = Debug|Any CPU
		{76682E0D-9541-4962-A667-499BA860D6C2}.Debug|Any CPU.Build.0 = Debug|Any CPU
		{76682E0D-9541-4962-A667-499BA860D6C2}.Release|Any CPU.ActiveCfg = Release|Any CPU
		{76682E0D-9541-4962-A667-499BA860D6C2}.Release|Any CPU.Build.0 = Release|Any CPU
		{A6D42924-CB3D-46AB-93E1-6900C19A16FF}.Debug|Any CPU.ActiveCfg = Debug|Any CPU
		{A6D42924-CB3D-46AB-93E1-6900C19A16FF}.Debug|Any CPU.Build.0 = Debug|Any CPU
		{A6D42924-CB3D-46AB-93E1-6900C19A16FF}.Release|Any CPU.ActiveCfg = Release|Any CPU
		{A6D42924-CB3D-46AB-93E1-6900C19A16FF}.Release|Any CPU.Build.0 = Release|Any CPU
	EndGlobalSection
	GlobalSection(SolutionProperties) = preSolution
		HideSolutionNode = FALSE
	EndGlobalSection
	GlobalSection(NestedProjects) = preSolution
		{82F47201-8068-4755-82D4-B29398C99484} = {6A2D2033-6874-4547-A09F-A357DE547B3F}
		{9873F1D4-BC26-415E-885A-1DB3B7972605} = {6A2D2033-6874-4547-A09F-A357DE547B3F}
		{96B15BEC-E92D-45C7-BC75-B9253D6AA81B} = {C460FCB3-6E39-4208-ACBF-45D7F62F7491}
		{A4020728-8168-4C06-9AC8-FD0823B53B7C} = {C460FCB3-6E39-4208-ACBF-45D7F62F7491}
		{928F0129-8E02-4648-979B-2246678F9497} = {C460FCB3-6E39-4208-ACBF-45D7F62F7491}
		{172DA2C9-FEF7-4A08-90F6-3A0735256D09} = {92A8A9CA-1146-4855-B25B-1503B8241328}
		{C20B3136-879B-4884-B5E1-FAACDA293B20} = {92A8A9CA-1146-4855-B25B-1503B8241328}
		{22AD8A7D-8942-4477-B389-66B46522977B} = {92A8A9CA-1146-4855-B25B-1503B8241328}
		{76682E0D-9541-4962-A667-499BA860D6C2} = {92A8A9CA-1146-4855-B25B-1503B8241328}
		{A6D42924-CB3D-46AB-93E1-6900C19A16FF} = {6A2D2033-6874-4547-A09F-A357DE547B3F}
	EndGlobalSection
	GlobalSection(ExtensibilityGlobals) = postSolution
		SolutionGuid = {F9BE06A1-7DBB-4FDA-AE83-8A714E94F542}
	EndGlobalSection
EndGlobal
