
Microsoft Visual Studio Solution File, Format Version 12.00
# Visual Studio 15
VisualStudioVersion = 15.0.27703.2042
MinimumVisualStudioVersion = 10.0.40219.1
Project("{9A19103F-16F7-4668-BE54-9A1E7A4F7556}") = "NetCoreUtils", "NetCoreUtils\NetCoreUtils.csproj", "{E3E9C8FC-723C-4944-AC5F-92C5CFAC8E9F}"
EndProject
Project("{9A19103F-16F7-4668-BE54-9A1E7A4F7556}") = "NetCoreUtils.Database", "NetCoreUtils.Database\NetCoreUtils.Database.csproj", "{85B648E7-43F7-40D1-8A29-50CF5EE54E68}"
EndProject
Project("{2150E333-8FDC-42A3-9474-1A3956D46DE8}") = "Tests", "Tests", "{6A2D2033-6874-4547-A09F-A357DE547B3F}"
EndProject
Project("{9A19103F-16F7-4668-BE54-9A1E7A4F7556}") = "NetCoreUtils.XunitTest", "NetCoreUtils.XunitTest\NetCoreUtils.XunitTest.csproj", "{82F47201-8068-4755-82D4-B29398C99484}"
EndProject
Project("{9A19103F-16F7-4668-BE54-9A1E7A4F7556}") = "NetCoreUtils.MsTest", "NetCoreUtils.MsTest\NetCoreUtils.MsTest.csproj", "{9873F1D4-BC26-415E-885A-1DB3B7972605}"
EndProject
Project("{2150E333-8FDC-42A3-9474-1A3956D46DE8}") = "Solution Items", "Solution Items", "{07CA0D10-DB32-4A64-BB19-7EB4D43C679D}"
	ProjectSection(SolutionItems) = preProject
		pack-netcoreutils.bat = pack-netcoreutils.bat
		pack-netcoreutils.database.bat = pack-netcoreutils.database.bat
		README.md = README.md
		update-netcoreutils-dep.bat = update-netcoreutils-dep.bat
	EndProjectSection
EndProject
Global
	GlobalSection(SolutionConfigurationPlatforms) = preSolution
		Debug|Any CPU = Debug|Any CPU
		Release|Any CPU = Release|Any CPU
	EndGlobalSection
	GlobalSection(ProjectConfigurationPlatforms) = postSolution
		{E3E9C8FC-723C-4944-AC5F-92C5CFAC8E9F}.Debug|Any CPU.ActiveCfg = Debug|Any CPU
		{E3E9C8FC-723C-4944-AC5F-92C5CFAC8E9F}.Debug|Any CPU.Build.0 = Debug|Any CPU
		{E3E9C8FC-723C-4944-AC5F-92C5CFAC8E9F}.Release|Any CPU.ActiveCfg = Release|Any CPU
		{E3E9C8FC-723C-4944-AC5F-92C5CFAC8E9F}.Release|Any CPU.Build.0 = Release|Any CPU
		{85B648E7-43F7-40D1-8A29-50CF5EE54E68}.Debug|Any CPU.ActiveCfg = Debug|Any CPU
		{85B648E7-43F7-40D1-8A29-50CF5EE54E68}.Debug|Any CPU.Build.0 = Debug|Any CPU
		{85B648E7-43F7-40D1-8A29-50CF5EE54E68}.Release|Any CPU.ActiveCfg = Release|Any CPU
		{85B648E7-43F7-40D1-8A29-50CF5EE54E68}.Release|Any CPU.Build.0 = Release|Any CPU
		{82F47201-8068-4755-82D4-B29398C99484}.Debug|Any CPU.ActiveCfg = Debug|Any CPU
		{82F47201-8068-4755-82D4-B29398C99484}.Debug|Any CPU.Build.0 = Debug|Any CPU
		{82F47201-8068-4755-82D4-B29398C99484}.Release|Any CPU.ActiveCfg = Release|Any CPU
		{82F47201-8068-4755-82D4-B29398C99484}.Release|Any CPU.Build.0 = Release|Any CPU
		{9873F1D4-BC26-415E-885A-1DB3B7972605}.Debug|Any CPU.ActiveCfg = Debug|Any CPU
		{9873F1D4-BC26-415E-885A-1DB3B7972605}.Debug|Any CPU.Build.0 = Debug|Any CPU
		{9873F1D4-BC26-415E-885A-1DB3B7972605}.Release|Any CPU.ActiveCfg = Release|Any CPU
		{9873F1D4-BC26-415E-885A-1DB3B7972605}.Release|Any CPU.Build.0 = Release|Any CPU
	EndGlobalSection
	GlobalSection(SolutionProperties) = preSolution
		HideSolutionNode = FALSE
	EndGlobalSection
	GlobalSection(NestedProjects) = preSolution
		{82F47201-8068-4755-82D4-B29398C99484} = {6A2D2033-6874-4547-A09F-A357DE547B3F}
		{9873F1D4-BC26-415E-885A-1DB3B7972605} = {6A2D2033-6874-4547-A09F-A357DE547B3F}
	EndGlobalSection
	GlobalSection(ExtensibilityGlobals) = postSolution
		SolutionGuid = {F9BE06A1-7DBB-4FDA-AE83-8A714E94F542}
	EndGlobalSection
EndGlobal
